
Microsoft Visual Studio Solution File, Format Version 12.00
# Visual Studio 15
Project("{FAE04EC0-301F-11D3-BF4B-00C04F79EFBC}") = "NavMeshComponents", "NavMeshComponents.csproj", "{06C6D887-8940-1C30-C904-A54D660B32B0}"
EndProject
Project("{FAE04EC0-301F-11D3-BF4B-00C04F79EFBC}") = "Assembly-CSharp", "Assembly-CSharp.csproj", "{9E4049A8-C94D-BCED-B8DA-DD2E36625119}"
EndProject
Project("{FAE04EC0-301F-11D3-BF4B-00C04F79EFBC}") = "NavMeshComponentsEditor", "NavMeshComponentsEditor.csproj", "{6AF69717-A259-AFA3-DD12-EE8E1A3195F1}"
EndProject
Global
	GlobalSection(SolutionConfigurationPlatforms) = preSolution
		Debug|Any CPU = Debug|Any CPU
		Release|Any CPU = Release|Any CPU
	EndGlobalSection
	GlobalSection(ProjectConfigurationPlatforms) = postSolution
		{06C6D887-8940-1C30-C904-A54D660B32B0}.Debug|Any CPU.ActiveCfg = Debug|Any CPU
		{06C6D887-8940-1C30-C904-A54D660B32B0}.Debug|Any CPU.Build.0 = Debug|Any CPU
		{06C6D887-8940-1C30-C904-A54D660B32B0}.Release|Any CPU.ActiveCfg = Release|Any CPU
		{06C6D887-8940-1C30-C904-A54D660B32B0}.Release|Any CPU.Build.0 = Release|Any CPU
		{9E4049A8-C94D-BCED-B8DA-DD2E36625119}.Debug|Any CPU.ActiveCfg = Debug|Any CPU
		{9E4049A8-C94D-BCED-B8DA-DD2E36625119}.Debug|Any CPU.Build.0 = Debug|Any CPU
		{9E4049A8-C94D-BCED-B8DA-DD2E36625119}.Release|Any CPU.ActiveCfg = Release|Any CPU
		{9E4049A8-C94D-BCED-B8DA-DD2E36625119}.Release|Any CPU.Build.0 = Release|Any CPU
		{6AF69717-A259-AFA3-DD12-EE8E1A3195F1}.Debug|Any CPU.ActiveCfg = Debug|Any CPU
		{6AF69717-A259-AFA3-DD12-EE8E1A3195F1}.Debug|Any CPU.Build.0 = Debug|Any CPU
		{6AF69717-A259-AFA3-DD12-EE8E1A3195F1}.Release|Any CPU.ActiveCfg = Release|Any CPU
		{6AF69717-A259-AFA3-DD12-EE8E1A3195F1}.Release|Any CPU.Build.0 = Release|Any CPU
	EndGlobalSection
	GlobalSection(SolutionProperties) = preSolution
		HideSolutionNode = FALSE
	EndGlobalSection
EndGlobal
